
Microsoft Visual Studio Solution File, Format Version 12.00
# Visual Studio Version 17
VisualStudioVersion = 17.3.32922.545
MinimumVisualStudioVersion = 10.0.40219.1
Project("{FAE04EC0-301F-11D3-BF4B-00C04F79EFBC}") = "Pravoúhlost", "Pravoúhlost\Pravoúhlost.csproj", "{C9BD4BC5-24C3-48D7-BA9F-10055404C69A}"
EndProject
Global
	GlobalSection(SolutionConfigurationPlatforms) = preSolution
		Debug|Any CPU = Debug|Any CPU
		Release|Any CPU = Release|Any CPU
	EndGlobalSection
	GlobalSection(ProjectConfigurationPlatforms) = postSolution
		{C9BD4BC5-24C3-48D7-BA9F-10055404C69A}.Debug|Any CPU.ActiveCfg = Debug|Any CPU
		{C9BD4BC5-24C3-48D7-BA9F-10055404C69A}.Debug|Any CPU.Build.0 = Debug|Any CPU
		{C9BD4BC5-24C3-48D7-BA9F-10055404C69A}.Release|Any CPU.ActiveCfg = Release|Any CPU
		{C9BD4BC5-24C3-48D7-BA9F-10055404C69A}.Release|Any CPU.Build.0 = Release|Any CPU
	EndGlobalSection
	GlobalSection(SolutionProperties) = preSolution
		HideSolutionNode = FALSE
	EndGlobalSection
	GlobalSection(ExtensibilityGlobals) = postSolution
		SolutionGuid = {1C2426F9-2D63-4DC4-BCA3-39AE452AD881}
	EndGlobalSection
EndGlobal
